{
  "lockfileVersion": 1,
  "workspaces": {
    "": {
      "name": "@avalik/riigikogu-openapi-spec",
      "devDependencies": {
        "@types/node": "^22.0.0",
        "@types/semver": "^7.5.8",
        "semver": "^7.7.3",
      },
    },
  },
  "packages": {
    "@types/node": ["@types/node@22.18.13", "", { "dependencies": { "undici-types": "~6.21.0" } }, "sha512-Bo45YKIjnmFtv6I1TuC8AaHBbqXtIo+Om5fE4QiU1Tj8QR/qt+8O3BAtOimG5IFmwaWiPmB3Mv3jtYzBA4Us2A=="],

    "@types/semver": ["@types/semver@7.7.1", "", {}, "sha512-FmgJfu+MOcQ370SD0ev7EI8TlCAfKYU+B4m5T3yXc1CiRN94g/SZPtsCkk506aUDtlMnFZvasDwHHUcZUEaYuA=="],

    "semver": ["semver@7.7.3", "", { "bin": { "semver": "bin/semver.js" } }, "sha512-SdsKMrI9TdgjdweUSR9MweHA4EJ8YxHn8DFaDisvhVlUOe4BF1tLD7GAj0lIqWVl+dPb/rExr0Btby5loQm20Q=="],

    "undici-types": ["undici-types@6.21.0", "", {}, "sha512-iwDZqg0QAGrg9Rav5H4n0M64c3mkR59cJ6wQp+7C4nI0gsmExaedaYLNO44eT4AtBBwjbTiGPMlt2Md0T9H9JQ=="],
  }
}
